<?xml version="1.0" encoding="utf-8"?>
<Project ToolsVersion="4.0" xmlns="http://schemas.microsoft.com/developer/msbuild/2003">
  <ItemGroup>
    <Filter Include="源文件">
      <UniqueIdentifier>{4FC737F1-C7A5-4376-A066-2A32D752A2FF}</UniqueIdentifier>
      <Extensions>cpp;c;cc;cxx;def;odl;idl;hpj;bat;asm;asmx</Extensions>
    </Filter>
    <Filter Include="头文件">
      <UniqueIdentifier>{93995380-89BD-4b04-88EB-625FBE52EBFB}</UniqueIdentifier>
      <Extensions>h;hh;hpp;hxx;hm;inl;inc;ipp;xsd</Extensions>
    </Filter>
    <Filter Include="资源文件">
      <UniqueIdentifier>{67DA6AB6-F800-4c08-8B7A-83BB121AAD01}</UniqueIdentifier>
      <Extensions>rc;ico;cur;bmp;dlg;rc2;rct;bin;rgs;gif;jpg;jpeg;jpe;resx;tiff;tif;png;wav;mfcribbon-ms</Extensions>
    </Filter>
    <Filter Include="Components">
      <UniqueIdentifier>{53731043-37f1-4961-aaf5-b3093145a6e6}</UniqueIdentifier>
    </Filter>
    <Filter Include="Enemies">
      <UniqueIdentifier>{e6079ed1-ec3e-4958-81ae-917b0dcb0066}</UniqueIdentifier>
    </Filter>
    <Filter Include="HUD">
      <UniqueIdentifier>{d9561f7a-287a-47ae-9374-423c26a7d16e}</UniqueIdentifier>
    </Filter>
    <Filter Include="Utils">
      <UniqueIdentifier>{eda3ad32-b046-499f-b5d2-e3e0383ef5bb}</UniqueIdentifier>
    </Filter>
    <Filter Include="Scenes">
      <UniqueIdentifier>{117e4df4-a09d-4d55-a68e-68b3354eafe5}</UniqueIdentifier>
    </Filter>
    <Filter Include="Graphics">
      <UniqueIdentifier>{81978386-5b7a-4091-98d8-2ab44474a154}</UniqueIdentifier>
    </Filter>
  </ItemGroup>
  <ItemGroup>
    <ClCompile Include="src\Player.cpp">
      <Filter>源文件</Filter>
    </ClCompile>
    <ClCompile Include="src\Tile.cpp">
      <Filter>源文件</Filter>
    </ClCompile>
    <ClCompile Include="src\Game.cpp">
      <Filter>源文件</Filter>
    </ClCompile>
    <ClCompile Include="src\main.cpp">
      <Filter>源文件</Filter>
    </ClCompile>
    <ClCompile Include="src\Map.cpp">
      <Filter>源文件</Filter>
    </ClCompile>
    <ClCompile Include="src\Backdrop.cpp">
      <Filter>源文件</Filter>
    </ClCompile>
    <ClCompile Include="src\Animator.cpp">
      <Filter>源文件</Filter>
    </ClCompile>
    <ClCompile Include="src\Timer.cpp">
      <Filter>源文件</Filter>
    </ClCompile>
    <ClCompile Include="src\Components\PlayerCollision.cpp">
      <Filter>Components</Filter>
    </ClCompile>
    <ClCompile Include="src\Components\PlayerPhysics.cpp">
      <Filter>Components</Filter>
    </ClCompile>
    <ClCompile Include="src\Enemys\Bat.cpp">
      <Filter>Enemies</Filter>
    </ClCompile>
    <ClCompile Include="src\HUD\HelthBar.cpp">
      <Filter>HUD</Filter>
    </ClCompile>
    <ClCompile Include="src\HUD\NumberSprite.cpp">
      <Filter>HUD</Filter>
    </ClCompile>
    <ClCompile Include="src\HUD\DamageText.cpp">
      <Filter>HUD</Filter>
    </ClCompile>
    <ClCompile Include="src\Camera.cpp">
      <Filter>源文件</Filter>
    </ClCompile>
    <ClCompile Include="src\CSCamera.cpp">
      <Filter>源文件</Filter>
    </ClCompile>
    <ClCompile Include="src\Scenes\Scene.cpp">
      <Filter>Scenes</Filter>
    </ClCompile>
    <ClCompile Include="src\Scenes\Cave0.cpp">
      <Filter>Scenes</Filter>
    </ClCompile>
    <ClCompile Include="src\Scenes\ParticleTest.cpp">
      <Filter>Scenes</Filter>
    </ClCompile>
    <ClCompile Include="src\Scenes\MainMenu.cpp">
      <Filter>Scenes</Filter>
    </ClCompile>
    <ClCompile Include="src\Graphics\Sprite.cpp">
      <Filter>Graphics</Filter>
    </ClCompile>
    <ClCompile Include="src\Graphics\Animation.cpp">
      <Filter>Graphics</Filter>
    </ClCompile>
    <ClCompile Include="src\Graphics\Graphics.cpp">
      <Filter>Graphics</Filter>
    </ClCompile>
    <ClCompile Include="src\Graphics\SwitchSceneAnimation.cpp">
      <Filter>Graphics</Filter>
    </ClCompile>
  </ItemGroup>
  <ItemGroup>
    <ClInclude Include="src\Map.h">
      <Filter>头文件</Filter>
    </ClInclude>
    <ClInclude Include="src\Player.h">
      <Filter>头文件</Filter>
    </ClInclude>
    <ClInclude Include="src\Tile.h">
      <Filter>头文件</Filter>
    </ClInclude>
    <ClInclude Include="src\Game.h">
      <Filter>头文件</Filter>
    </ClInclude>
    <ClInclude Include="src\Backdrop.h">
      <Filter>头文件</Filter>
    </ClInclude>
    <ClInclude Include="src\Animator.h">
      <Filter>头文件</Filter>
    </ClInclude>
    <ClInclude Include="src\Timer.h">
      <Filter>头文件</Filter>
    </ClInclude>
    <ClInclude Include="src\Components\CollisionComponent.h">
      <Filter>Components</Filter>
    </ClInclude>
    <ClInclude Include="src\Components\PhysicsComponent.h">
      <Filter>Components</Filter>
    </ClInclude>
    <ClInclude Include="src\Components\PlayerCollision.h">
      <Filter>Components</Filter>
    </ClInclude>
    <ClInclude Include="src\Components\PlayerPhysics.h">
      <Filter>Components</Filter>
    </ClInclude>
    <ClInclude Include="src\Enemy.h">
      <Filter>Enemies</Filter>
    </ClInclude>
    <ClInclude Include="src\Enemys\Bat.h">
      <Filter>Enemies</Filter>
    </ClInclude>
    <ClInclude Include="src\HUD\HelthBar.h">
      <Filter>HUD</Filter>
    </ClInclude>
    <ClInclude Include="src\HUD\NumberSprite.h">
      <Filter>HUD</Filter>
    </ClInclude>
    <ClInclude Include="src\GameObject.h">
      <Filter>头文件</Filter>
    </ClInclude>
    <ClInclude Include="src\HUD\DamageText.h">
      <Filter>HUD</Filter>
    </ClInclude>
    <ClInclude Include="src\Camera.h">
      <Filter>头文件</Filter>
    </ClInclude>
    <ClInclude Include="src\Rectangle.h">
      <Filter>Utils</Filter>
    </ClInclude>
    <ClInclude Include="src\Math.h">
      <Filter>Utils</Filter>
    </ClInclude>
    <ClInclude Include="src\Utils\sideType.h">
      <Filter>Utils</Filter>
    </ClInclude>
    <ClInclude Include="src\CSCamera.h">
      <Filter>头文件</Filter>
    </ClInclude>
    <ClInclude Include="src\Scenes\Scene.h">
      <Filter>Scenes</Filter>
    </ClInclude>
    <ClInclude Include="src\Scenes\Cave0.h">
      <Filter>Scenes</Filter>
    </ClInclude>
    <ClInclude Include="src\Utils\Locator.h">
      <Filter>Utils</Filter>
    </ClInclude>
    <ClInclude Include="src\Utils\PolarVector.h">
      <Filter>Utils</Filter>
    </ClInclude>
    <ClInclude Include="src\Utils\units.h">
      <Filter>Utils</Filter>
    </ClInclude>
    <ClInclude Include="src\Utils\Vector2d.h">
      <Filter>Utils</Filter>
    </ClInclude>
    <ClInclude Include="src\Graphics\Particle.h">
      <Filter>Graphics</Filter>
    </ClInclude>
    <ClInclude Include="src\Utility.h">
      <Filter>头文件</Filter>
    </ClInclude>
    <ClInclude Include="src\Scenes\ParticleTest.h">
      <Filter>Scenes</Filter>
    </ClInclude>
    <ClInclude Include="src\Graphics\ParticleGroup.h">
      <Filter>Graphics</Filter>
    </ClInclude>
    <ClInclude Include="src\Scenes\MainMenu.h">
      <Filter>Scenes</Filter>
    </ClInclude>
    <ClInclude Include="src\Graphics\SwitchSceneAnimation.h">
      <Filter>Graphics</Filter>
    </ClInclude>
    <ClInclude Include="src\Graphics\Sprite.h">
      <Filter>Graphics</Filter>
    </ClInclude>
    <ClInclude Include="src\Graphics\Animation.h">
      <Filter>Graphics</Filter>
    </ClInclude>
    <ClInclude Include="src\Graphics\Graphics.h">
      <Filter>Graphics</Filter>
    </ClInclude>
    <ClInclude Include="src\Scenes.h">
      <Filter>头文件</Filter>
    </ClInclude>
    <ClInclude Include="src\Components\Weapon.h">
      <Filter>Components</Filter>
    </ClInclude>
  </ItemGroup>
  <ItemGroup>
    <None Include="res\(TODO)PrtCave.tmd">
      <Filter>资源文件</Filter>
    </None>
  </ItemGroup>
  <ItemGroup>
    <Image Include="res\bkBlue.bmp">
      <Filter>资源文件</Filter>
    </Image>
    <Image Include="res\Bullet.bmp">
      <Filter>资源文件</Filter>
    </Image>
    <Image Include="res\Caret.bmp">
      <Filter>资源文件</Filter>
    </Image>
    <Image Include="res\MyChar.bmp">
      <Filter>资源文件</Filter>
    </Image>
    <Image Include="res\NpcCemet.bmp">
      <Filter>资源文件</Filter>
    </Image>
    <Image Include="res\PrtCave.bmp">
      <Filter>资源文件</Filter>
    </Image>
    <Image Include="res\PrtFall.bmp">
      <Filter>资源文件</Filter>
    </Image>
    <Image Include="res\UI.bmp">
      <Filter>资源文件</Filter>
    </Image>
    <Image Include="res\valueopt.bmp">
      <Filter>资源文件</Filter>
    </Image>
    <Image Include="res\TextBox.bmp">
      <Filter>资源文件</Filter>
    </Image>
  </ItemGroup>
  <ItemGroup>
    <Text Include="res\PrtCave.txt">
      <Filter>资源文件</Filter>
    </Text>
  </ItemGroup>
</Project>